
Microsoft Visual Studio Solution File, Format Version 10.00
# Visual Studio 2008
Project("{8BC9CEB8-8B4A-11D0-8D11-00A0C91BC942}") = "digits", "digits.vcproj", "{19E435BC-A167-4959-A6B7-EF9C59435292}"
EndProject
Global
	GlobalSection(SolutionConfigurationPlatforms) = preSolution
		Debug|Win32 = Debug|Win32
		Release|Win32 = Release|Win32
	EndGlobalSection
	GlobalSection(ProjectConfigurationPlatforms) = postSolution
		{19E435BC-A167-4959-A6B7-EF9C59435292}.Debug|Win32.ActiveCfg = Debug|Win32
		{19E435BC-A167-4959-A6B7-EF9C59435292}.Debug|Win32.Build.0 = Debug|Win32
		{19E435BC-A167-4959-A6B7-EF9C59435292}.Release|Win32.ActiveCfg = Release|Win32
		{19E435BC-A167-4959-A6B7-EF9C59435292}.Release|Win32.Build.0 = Release|Win32
	EndGlobalSection
	GlobalSection(SolutionProperties) = preSolution
		HideSolutionNode = FALSE
	EndGlobalSection
EndGlobal
