
Microsoft Visual Studio Solution File, Format Version 10.00
# Visual Studio 2008
Project("{8BC9CEB8-8B4A-11D0-8D11-00A0C91BC942}") = "avoidgreen", "averagergb.vcproj", "{128E7D0C-E24D-4A72-BDFA-93B02F0421D6}"
EndProject
Global
	GlobalSection(SolutionConfigurationPlatforms) = preSolution
		Debug|Win32 = Debug|Win32
		Release|Win32 = Release|Win32
	EndGlobalSection
	GlobalSection(ProjectConfigurationPlatforms) = postSolution
		{128E7D0C-E24D-4A72-BDFA-93B02F0421D6}.Debug|Win32.ActiveCfg = Debug|Win32
		{128E7D0C-E24D-4A72-BDFA-93B02F0421D6}.Debug|Win32.Build.0 = Debug|Win32
		{128E7D0C-E24D-4A72-BDFA-93B02F0421D6}.Release|Win32.ActiveCfg = Release|Win32
		{128E7D0C-E24D-4A72-BDFA-93B02F0421D6}.Release|Win32.Build.0 = Release|Win32
	EndGlobalSection
	GlobalSection(SolutionProperties) = preSolution
		HideSolutionNode = FALSE
	EndGlobalSection
EndGlobal
